
Microsoft Visual Studio Solution File, Format Version 12.00
# Visual Studio Version 17
VisualStudioVersion = 17.10.34928.147
MinimumVisualStudioVersion = 10.0.40219.1
Project("{9A19103F-16F7-4668-BE54-9A1E7A4F7556}") = "MassBlattLinkerr.Core", "MassBlattLinkerr.Core\MassBlattLinkerr.Core.csproj", "{0BA3C906-F64E-491C-A44A-89B008DFA748}"
EndProject
Project("{9A19103F-16F7-4668-BE54-9A1E7A4F7556}") = "ConsoleApp1", "ConsoleApp1\ConsoleApp1.csproj", "{B4807A9E-B15D-4B3A-A7AA-35FA1641009C}"
EndProject
Project("{FAE04EC0-301F-11D3-BF4B-00C04F79EFBC}") = "WpfApp1", "WpfApp1\WpfApp1.csproj", "{10896766-8CC5-4FDD-B059-46787B9EAB5A}"
EndProject
Global
	GlobalSection(SolutionConfigurationPlatforms) = preSolution
		Debug|Any CPU = Debug|Any CPU
		Release|Any CPU = Release|Any CPU
	EndGlobalSection
	GlobalSection(ProjectConfigurationPlatforms) = postSolution
		{0BA3C906-F64E-491C-A44A-89B008DFA748}.Debug|Any CPU.ActiveCfg = Debug|Any CPU
		{0BA3C906-F64E-491C-A44A-89B008DFA748}.Debug|Any CPU.Build.0 = Debug|Any CPU
		{0BA3C906-F64E-491C-A44A-89B008DFA748}.Release|Any CPU.ActiveCfg = Release|Any CPU
		{0BA3C906-F64E-491C-A44A-89B008DFA748}.Release|Any CPU.Build.0 = Release|Any CPU
		{B4807A9E-B15D-4B3A-A7AA-35FA1641009C}.Debug|Any CPU.ActiveCfg = Debug|Any CPU
		{B4807A9E-B15D-4B3A-A7AA-35FA1641009C}.Debug|Any CPU.Build.0 = Debug|Any CPU
		{B4807A9E-B15D-4B3A-A7AA-35FA1641009C}.Release|Any CPU.ActiveCfg = Release|Any CPU
		{B4807A9E-B15D-4B3A-A7AA-35FA1641009C}.Release|Any CPU.Build.0 = Release|Any CPU
		{10896766-8CC5-4FDD-B059-46787B9EAB5A}.Debug|Any CPU.ActiveCfg = Debug|Any CPU
		{10896766-8CC5-4FDD-B059-46787B9EAB5A}.Debug|Any CPU.Build.0 = Debug|Any CPU
		{10896766-8CC5-4FDD-B059-46787B9EAB5A}.Release|Any CPU.ActiveCfg = Release|Any CPU
		{10896766-8CC5-4FDD-B059-46787B9EAB5A}.Release|Any CPU.Build.0 = Release|Any CPU
	EndGlobalSection
	GlobalSection(SolutionProperties) = preSolution
		HideSolutionNode = FALSE
	EndGlobalSection
	GlobalSection(ExtensibilityGlobals) = postSolution
		SolutionGuid = {08E37D06-ACF2-4C98-97A7-3E6C124AF9AA}
	EndGlobalSection
EndGlobal
